// !$*UTF8*$!
{
	archiveVersion = 1;
	classes = {
	};
	objectVersion = 56;
	objects = {

/* Begin PBXBuildFile section */
		8BFDC4812BF8E12300204C52 /* AppDelegate.m in Sources */ = {isa = PBXBuildFile; fileRef = 8BFDC4802BF8E12300204C52 /* AppDelegate.m */; };
		8BFDC4842BF8E12300204C52 /* SceneDelegate.m in Sources */ = {isa = PBXBuildFile; fileRef = 8BFDC4832BF8E12300204C52 /* SceneDelegate.m */; };
		8BFDC4872BF8E12300204C52 /* ViewController.m in Sources */ = {isa = PBXBuildFile; fileRef = 8BFDC4862BF8E12300204C52 /* ViewController.m */; };
		8BFDC48A2BF8E12300204C52 /* Main.storyboard in Resources */ = {isa = PBXBuildFile; fileRef = 8BFDC4882BF8E12300204C52 /* Main.storyboard */; };
		8BFDC48D2BF8E12300204C52 /* git_demo.xcdatamodeld in Sources */ = {isa = PBXBuildFile; fileRef = 8BFDC48B2BF8E12300204C52 /* git_demo.xcdatamodeld */; };
		8BFDC48F2BF8E12C00204C52 /* Assets.xcassets in Resources */ = {isa = PBXBuildFile; fileRef = 8BFDC48E2BF8E12C00204C52 /* Assets.xcassets */; };
		8BFDC4922BF8E12C00204C52 /* LaunchScreen.storyboard in Resources */ = {isa = PBXBuildFile; fileRef = 8BFDC4902BF8E12C00204C52 /* LaunchScreen.storyboard */; };
		8BFDC4952BF8E12C00204C52 /* main.m in Sources */ = {isa = PBXBuildFile; fileRef = 8BFDC4942BF8E12C00204C52 /* main.m */; };
		8BFDC49F2BF8E12E00204C52 /* git_demoTests.m in Sources */ = {isa = PBXBuildFile; fileRef = 8BFDC49E2BF8E12E00204C52 /* git_demoTests.m */; };
		8BFDC4A92BF8E12E00204C52 /* git_demoUITests.m in Sources */ = {isa = PBXBuildFile; fileRef = 8BFDC4A82BF8E12E00204C52 /* git_demoUITests.m */; };
		8BFDC4AB2BF8E12E00204C52 /* git_demoUITestsLaunchTests.m in Sources */ = {isa = PBXBuildFile; fileRef = 8BFDC4AA2BF8E12E00204C52 /* git_demoUITestsLaunchTests.m */; };
/* End PBXBuildFile section */

/* Begin PBXContainerItemProxy section */
		8BFDC49B2BF8E12E00204C52 /* PBXContainerItemProxy */ = {
			isa = PBXContainerItemProxy;
			containerPortal = 8BFDC4742BF8E12200204C52 /* Project object */;
			proxyType = 1;
			remoteGlobalIDString = 8BFDC47B2BF8E12300204C52;
			remoteInfo = "git-demo";
		};
		8BFDC4A52BF8E12E00204C52 /* PBXContainerItemProxy */ = {
			isa = PBXContainerItemProxy;
			containerPortal = 8BFDC4742BF8E12200204C52 /* Project object */;
			proxyType = 1;
			remoteGlobalIDString = 8BFDC47B2BF8E12300204C52;
			remoteInfo = "git-demo";
		};
/* End PBXContainerItemProxy section */

/* Begin PBXFileReference section */
		8BFDC47C2BF8E12300204C52 /* git-demo.app */ = {isa = PBXFileReference; explicitFileType = wrapper.application; includeInIndex = 0; path = "git-demo.app"; sourceTree = BUILT_PRODUCTS_DIR; };
		8BFDC47F2BF8E12300204C52 /* AppDelegate.h */ = {isa = PBXFileReference; lastKnownFileType = sourcecode.c.h; path = AppDelegate.h; sourceTree = "<group>"; };
		8BFDC4802BF8E12300204C52 /* AppDelegate.m */ = {isa = PBXFileReference; lastKnownFileType = sourcecode.c.objc; path = AppDelegate.m; sourceTree = "<group>"; };
		8BFDC4822BF8E12300204C52 /* SceneDelegate.h */ = {isa = PBXFileReference; lastKnownFileType = sourcecode.c.h; path = SceneDelegate.h; sourceTree = "<group>"; };
		8BFDC4832BF8E12300204C52 /* SceneDelegate.m */ = {isa = PBXFileReference; lastKnownFileType = sourcecode.c.objc; path = SceneDelegate.m; sourceTree = "<group>"; };
		8BFDC4852BF8E12300204C52 /* ViewController.h */ = {isa = PBXFileReference; lastKnownFileType = sourcecode.c.h; path = ViewController.h; sourceTree = "<group>"; };
		8BFDC4862BF8E12300204C52 /* ViewController.m */ = {isa = PBXFileReference; lastKnownFileType = sourcecode.c.objc; path = ViewController.m; sourceTree = "<group>"; };
		8BFDC4892BF8E12300204C52 /* Base */ = {isa = PBXFileReference; lastKnownFileType = file.storyboard; name = Base; path = Base.lproj/Main.storyboard; sourceTree = "<group>"; };
		8BFDC48C2BF8E12300204C52 /* git_demo.xcdatamodel */ = {isa = PBXFileReference; lastKnownFileType = wrapper.xcdatamodel; path = git_demo.xcdatamodel; sourceTree = "<group>"; };
		8BFDC48E2BF8E12C00204C52 /* Assets.xcassets */ = {isa = PBXFileReference; lastKnownFileType = folder.assetcatalog; path = Assets.xcassets; sourceTree = "<group>"; };
		8BFDC4912BF8E12C00204C52 /* Base */ = {isa = PBXFileReference; lastKnownFileType = file.storyboard; name = Base; path = Base.lproj/LaunchScreen.storyboard; sourceTree = "<group>"; };
		8BFDC4932BF8E12C00204C52 /* Info.plist */ = {isa = PBXFileReference; lastKnownFileType = text.plist.xml; path = Info.plist; sourceTree = "<group>"; };
		8BFDC4942BF8E12C00204C52 /* main.m */ = {isa = PBXFileReference; lastKnownFileType = sourcecode.c.objc; path = main.m; sourceTree = "<group>"; };
		8BFDC49A2BF8E12E00204C52 /* git-demoTests.xctest */ = {isa = PBXFileReference; explicitFileType = wrapper.cfbundle; includeInIndex = 0; path = "git-demoTests.xctest"; sourceTree = BUILT_PRODUCTS_DIR; };
		8BFDC49E2BF8E12E00204C52 /* git_demoTests.m */ = {isa = PBXFileReference; lastKnownFileType = sourcecode.c.objc; path = git_demoTests.m; sourceTree = "<group>"; };
		8BFDC4A42BF8E12E00204C52 /* git-demoUITests.xctest */ = {isa = PBXFileReference; explicitFileType = wrapper.cfbundle; includeInIndex = 0; path = "git-demoUITests.xctest"; sourceTree = BUILT_PRODUCTS_DIR; };
		8BFDC4A82BF8E12E00204C52 /* git_demoUITests.m */ = {isa = PBXFileReference; lastKnownFileType = sourcecode.c.objc; path = git_demoUITests.m; sourceTree = "<group>"; };
		8BFDC4AA2BF8E12E00204C52 /* git_demoUITestsLaunchTests.m */ = {isa = PBXFileReference; lastKnownFileType = sourcecode.c.objc; path = git_demoUITestsLaunchTests.m; sourceTree = "<group>"; };
/* End PBXFileReference section */

/* Begin PBXFrameworksBuildPhase section */
		8BFDC4792BF8E12300204C52 /* Frameworks */ = {
			isa = PBXFrameworksBuildPhase;
			buildActionMask = 2147483647;
			files = (
			);
			runOnlyForDeploymentPostprocessing = 0;
		};
		8BFDC4972BF8E12E00204C52 /* Frameworks */ = {
			isa = PBXFrameworksBuildPhase;
			buildActionMask = 2147483647;
			files = (
			);
			runOnlyForDeploymentPostprocessing = 0;
		};
		8BFDC4A12BF8E12E00204C52 /* Frameworks */ = {
			isa = PBXFrameworksBuildPhase;
			buildActionMask = 2147483647;
			files = (
			);
			runOnlyForDeploymentPostprocessing = 0;
		};
/* End PBXFrameworksBuildPhase section */

/* Begin PBXGroup section */
		8BFDC4732BF8E12200204C52 = {
			isa = PBXGroup;
			children = (
				8BFDC47E2BF8E12300204C52 /* git-demo */,
				8BFDC49D2BF8E12E00204C52 /* git-demoTests */,
				8BFDC4A72BF8E12E00204C52 /* git-demoUITests */,
				8BFDC47D2BF8E12300204C52 /* Products */,
			);
			sourceTree = "<group>";
		};
		8BFDC47D2BF8E12300204C52 /* Products */ = {
			isa = PBXGroup;
			children = (
				8BFDC47C2BF8E12300204C52 /* git-demo.app */,
				8BFDC49A2BF8E12E00204C52 /* git-demoTests.xctest */,
				8BFDC4A42BF8E12E00204C52 /* git-demoUITests.xctest */,
			);
			name = Products;
			sourceTree = "<group>";
		};
		8BFDC47E2BF8E12300204C52 /* git-demo */ = {
			isa = PBXGroup;
			children = (
				8BFDC47F2BF8E12300204C52 /* AppDelegate.h */,
				8BFDC4802BF8E12300204C52 /* AppDelegate.m */,
				8BFDC4822BF8E12300204C52 /* SceneDelegate.h */,
				8BFDC4832BF8E12300204C52 /* SceneDelegate.m */,
				8BFDC4852BF8E12300204C52 /* ViewController.h */,
				8BFDC4862BF8E12300204C52 /* ViewController.m */,
				8BFDC4882BF8E12300204C52 /* Main.storyboard */,
				8BFDC48E2BF8E12C00204C52 /* Assets.xcassets */,
				8BFDC4902BF8E12C00204C52 /* LaunchScreen.storyboard */,
				8BFDC4932BF8E12C00204C52 /* Info.plist */,
				8BFDC4942BF8E12C00204C52 /* main.m */,
				8BFDC48B2BF8E12300204C52 /* git_demo.xcdatamodeld */,
			);
			path = "git-demo";
			sourceTree = "<group>";
		};
		8BFDC49D2BF8E12E00204C52 /* git-demoTests */ = {
			isa = PBXGroup;
			children = (
				8BFDC49E2BF8E12E00204C52 /* git_demoTests.m */,
			);
			path = "git-demoTests";
			sourceTree = "<group>";
		};
		8BFDC4A72BF8E12E00204C52 /* git-demoUITests */ = {
			isa = PBXGroup;
			children = (
				8BFDC4A82BF8E12E00204C52 /* git_demoUITests.m */,
				8BFDC4AA2BF8E12E00204C52 /* git_demoUITestsLaunchTests.m */,
			);
			path = "git-demoUITests";
			sourceTree = "<group>";
		};
/* End PBXGroup section */

/* Begin PBXNativeTarget section */
		8BFDC47B2BF8E12300204C52 /* git-demo */ = {
			isa = PBXNativeTarget;
			buildConfigurationList = 8BFDC4AE2BF8E12E00204C52 /* Build configuration list for PBXNativeTarget "git-demo" */;
			buildPhases = (
				8BFDC4782BF8E12300204C52 /* Sources */,
				8BFDC4792BF8E12300204C52 /* Frameworks */,
				8BFDC47A2BF8E12300204C52 /* Resources */,
			);
			buildRules = (
			);
			dependencies = (
			);
			name = "git-demo";
			productName = "git-demo";
			productReference = 8BFDC47C2BF8E12300204C52 /* git-demo.app */;
			productType = "com.apple.product-type.application";
		};
		8BFDC4992BF8E12E00204C52 /* git-demoTests */ = {
			isa = PBXNativeTarget;
			buildConfigurationList = 8BFDC4B12BF8E12E00204C52 /* Build configuration list for PBXNativeTarget "git-demoTests" */;
			buildPhases = (
				8BFDC4962BF8E12E00204C52 /* Sources */,
				8BFDC4972BF8E12E00204C52 /* Frameworks */,
				8BFDC4982BF8E12E00204C52 /* Resources */,
			);
			buildRules = (
			);
			dependencies = (
				8BFDC49C2BF8E12E00204C52 /* PBXTargetDependency */,
			);
			name = "git-demoTests";
			productName = "git-demoTests";
			productReference = 8BFDC49A2BF8E12E00204C52 /* git-demoTests.xctest */;
			productType = "com.apple.product-type.bundle.unit-test";
		};
		8BFDC4A32BF8E12E00204C52 /* git-demoUITests */ = {
			isa = PBXNativeTarget;
			buildConfigurationList = 8BFDC4B42BF8E12E00204C52 /* Build configuration list for PBXNativeTarget "git-demoUITests" */;
			buildPhases = (
				8BFDC4A02BF8E12E00204C52 /* Sources */,
				8BFDC4A12BF8E12E00204C52 /* Frameworks */,
				8BFDC4A22BF8E12E00204C52 /* Resources */,
			);
			buildRules = (
			);
			dependencies = (
				8BFDC4A62BF8E12E00204C52 /* PBXTargetDependency */,
			);
			name = "git-demoUITests";
			productName = "git-demoUITests";
			productReference = 8BFDC4A42BF8E12E00204C52 /* git-demoUITests.xctest */;
			productType = "com.apple.product-type.bundle.ui-testing";
		};
/* End PBXNativeTarget section */

/* Begin PBXProject section */
		8BFDC4742BF8E12200204C52 /* Project object */ = {
			isa = PBXProject;
			attributes = {
				BuildIndependentTargetsInParallel = 1;
				LastUpgradeCheck = 1410;
				TargetAttributes = {
					8BFDC47B2BF8E12300204C52 = {
						CreatedOnToolsVersion = 14.1;
					};
					8BFDC4992BF8E12E00204C52 = {
						CreatedOnToolsVersion = 14.1;
						TestTargetID = 8BFDC47B2BF8E12300204C52;
					};
					8BFDC4A32BF8E12E00204C52 = {
						CreatedOnToolsVersion = 14.1;
						TestTargetID = 8BFDC47B2BF8E12300204C52;
					};
				};
			};
			buildConfigurationList = 8BFDC4772BF8E12200204C52 /* Build configuration list for PBXProject "git-demo" */;
			compatibilityVersion = "Xcode 14.0";
			developmentRegion = en;
			hasScannedForEncodings = 0;
			knownRegions = (
				en,
				Base,
			);
			mainGroup = 8BFDC4732BF8E12200204C52;
			productRefGroup = 8BFDC47D2BF8E12300204C52 /* Products */;
			projectDirPath = "";
			projectRoot = "";
			targets = (
				8BFDC47B2BF8E12300204C52 /* git-demo */,
				8BFDC4992BF8E12E00204C52 /* git-demoTests */,
				8BFDC4A32BF8E12E00204C52 /* git-demoUITests */,
			);
		};
/* End PBXProject section */

/* Begin PBXResourcesBuildPhase section */
		8BFDC47A2BF8E12300204C52 /* Resources */ = {
			isa = PBXResourcesBuildPhase;
			buildActionMask = 2147483647;
			files = (
				8BFDC4922BF8E12C00204C52 /* LaunchScreen.storyboard in Resources */,
				8BFDC48F2BF8E12C00204C52 /* Assets.xcassets in Resources */,
				8BFDC48A2BF8E12300204C52 /* Main.storyboard in Resources */,
			);
			runOnlyForDeploymentPostprocessing = 0;
		};
		8BFDC4982BF8E12E00204C52 /* Resources */ = {
			isa = PBXResourcesBuildPhase;
			buildActionMask = 2147483647;
			files = (
			);
			runOnlyForDeploymentPostprocessing = 0;
		};
		8BFDC4A22BF8E12E00204C52 /* Resources */ = {
			isa = PBXResourcesBuildPhase;
			buildActionMask = 2147483647;
			files = (
			);
			runOnlyForDeploymentPostprocessing = 0;
		};
/* End PBXResourcesBuildPhase section */

/* Begin PBXSourcesBuildPhase section */
		8BFDC4782BF8E12300204C52 /* Sources */ = {
			isa = PBXSourcesBuildPhase;
			buildActionMask = 2147483647;
			files = (
				8BFDC4952BF8E12C00204C52 /* main.m in Sources */,
				8BFDC4872BF8E12300204C52 /* ViewController.m in Sources */,
				8BFDC48D2BF8E12300204C52 /* git_demo.xcdatamodeld in Sources */,
				8BFDC4812BF8E12300204C52 /* AppDelegate.m in Sources */,
				8BFDC4842BF8E12300204C52 /* SceneDelegate.m in Sources */,
			);
			runOnlyForDeploymentPostprocessing = 0;
		};
		8BFDC4962BF8E12E00204C52 /* Sources */ = {
			isa = PBXSourcesBuildPhase;
			buildActionMask = 2147483647;
			files = (
				8BFDC49F2BF8E12E00204C52 /* git_demoTests.m in Sources */,
			);
			runOnlyForDeploymentPostprocessing = 0;
		};
		8BFDC4A02BF8E12E00204C52 /* Sources */ = {
			isa = PBXSourcesBuildPhase;
			buildActionMask = 2147483647;
			files = (
				8BFDC4AB2BF8E12E00204C52 /* git_demoUITestsLaunchTests.m in Sources */,
				8BFDC4A92BF8E12E00204C52 /* git_demoUITests.m in Sources */,
			);
			runOnlyForDeploymentPostprocessing = 0;
		};
/* End PBXSourcesBuildPhase section */

/* Begin PBXTargetDependency section */
		8BFDC49C2BF8E12E00204C52 /* PBXTargetDependency */ = {
			isa = PBXTargetDependency;
			target = 8BFDC47B2BF8E12300204C52 /* git-demo */;
			targetProxy = 8BFDC49B2BF8E12E00204C52 /* PBXContainerItemProxy */;
		};
		8BFDC4A62BF8E12E00204C52 /* PBXTargetDependency */ = {
			isa = PBXTargetDependency;
			target = 8BFDC47B2BF8E12300204C52 /* git-demo */;
			targetProxy = 8BFDC4A52BF8E12E00204C52 /* PBXContainerItemProxy */;
		};
/* End PBXTargetDependency section */

/* Begin PBXVariantGroup section */
		8BFDC4882BF8E12300204C52 /* Main.storyboard */ = {
			isa = PBXVariantGroup;
			children = (
				8BFDC4892BF8E12300204C52 /* Base */,
			);
			name = Main.storyboard;
			sourceTree = "<group>";
		};
		8BFDC4902BF8E12C00204C52 /* LaunchScreen.storyboard */ = {
			isa = PBXVariantGroup;
			children = (
				8BFDC4912BF8E12C00204C52 /* Base */,
			);
			name = LaunchScreen.storyboard;
			sourceTree = "<group>";
		};
/* End PBXVariantGroup section */

/* Begin XCBuildConfiguration section */
		8BFDC4AC2BF8E12E00204C52 /* Debug */ = {
			isa = XCBuildConfiguration;
			buildSettings = {
				ALWAYS_SEARCH_USER_PATHS = NO;
				CLANG_ANALYZER_NONNULL = YES;
				CLANG_ANALYZER_NUMBER_OBJECT_CONVERSION = YES_AGGRESSIVE;
				CLANG_CXX_LANGUAGE_STANDARD = "gnu++20";
				CLANG_ENABLE_MODULES = YES;
				CLANG_ENABLE_OBJC_ARC = YES;
				CLANG_ENABLE_OBJC_WEAK = YES;
				CLANG_WARN_BLOCK_CAPTURE_AUTORELEASING = YES;
				CLANG_WARN_BOOL_CONVERSION = YES;
				CLANG_WARN_COMMA = YES;
				CLANG_WARN_CONSTANT_CONVERSION = YES;
				CLANG_WARN_DEPRECATED_OBJC_IMPLEMENTATIONS = YES;
				CLANG_WARN_DIRECT_OBJC_ISA_USAGE = YES_ERROR;
				CLANG_WARN_DOCUMENTATION_COMMENTS = YES;
				CLANG_WARN_EMPTY_BODY = YES;
				CLANG_WARN_ENUM_CONVERSION = YES;
				CLANG_WARN_INFINITE_RECURSION = YES;
				CLANG_WARN_INT_CONVERSION = YES;
				CLANG_WARN_NON_LITERAL_NULL_CONVERSION = YES;
				CLANG_WARN_OBJC_IMPLICIT_RETAIN_SELF = YES;
				CLANG_WARN_OBJC_LITERAL_CONVERSION = YES;
				CLANG_WARN_OBJC_ROOT_CLASS = YES_ERROR;
				CLANG_WARN_QUOTED_INCLUDE_IN_FRAMEWORK_HEADER = YES;
				CLANG_WARN_RANGE_LOOP_ANALYSIS = YES;
				CLANG_WARN_STRICT_PROTOTYPES = YES;
				CLANG_WARN_SUSPICIOUS_MOVE = YES;
				CLANG_WARN_UNGUARDED_AVAILABILITY = YES_AGGRESSIVE;
				CLANG_WARN_UNREACHABLE_CODE = YES;
				CLANG_WARN__DUPLICATE_METHOD_MATCH = YES;
				COPY_PHASE_STRIP = NO;
				DEBUG_INFORMATION_FORMAT = dwarf;
				ENABLE_STRICT_OBJC_MSGSEND = YES;
				ENABLE_TESTABILITY = YES;
				GCC_C_LANGUAGE_STANDARD = gnu11;
				GCC_DYNAMIC_NO_PIC = NO;
				GCC_NO_COMMON_BLOCKS = YES;
				GCC_OPTIMIZATION_LEVEL = 0;
				GCC_PREPROCESSOR_DEFINITIONS = (
					"DEBUG=1",
					"$(inherited)",
				);
				GCC_WARN_64_TO_32_BIT_CONVERSION = YES;
				GCC_WARN_ABOUT_RETURN_TYPE = YES_ERROR;
				GCC_WARN_UNDECLARED_SELECTOR = YES;
				GCC_WARN_UNINITIALIZED_AUTOS = YES_AGGRESSIVE;
				GCC_WARN_UNUSED_FUNCTION = YES;
				GCC_WARN_UNUSED_VARIABLE = YES;
				IPHONEOS_DEPLOYMENT_TARGET = 16.1;
				MTL_ENABLE_DEBUG_INFO = INCLUDE_SOURCE;
				MTL_FAST_MATH = YES;
				ONLY_ACTIVE_ARCH = YES;
				SDKROOT = iphoneos;
			};
			name = Debug;
		};
		8BFDC4AD2BF8E12E00204C52 /* Release */ = {
			isa = XCBuildConfiguration;
			buildSettings = {
				ALWAYS_SEARCH_USER_PATHS = NO;
				CLANG_ANALYZER_NONNULL = YES;
				CLANG_ANALYZER_NUMBER_OBJECT_CONVERSION = YES_AGGRESSIVE;
				CLANG_CXX_LANGUAGE_STANDARD = "gnu++20";
				CLANG_ENABLE_MODULES = YES;
				CLANG_ENABLE_OBJC_ARC = YES;
				CLANG_ENABLE_OBJC_WEAK = YES;
				CLANG_WARN_BLOCK_CAPTURE_AUTORELEASING = YES;
				CLANG_WARN_BOOL_CONVERSION = YES;
				CLANG_WARN_COMMA = YES;
				CLANG_WARN_CONSTANT_CONVERSION = YES;
				CLANG_WARN_DEPRECATED_OBJC_IMPLEMENTATIONS = YES;
				CLANG_WARN_DIRECT_OBJC_ISA_USAGE = YES_ERROR;
				CLANG_WARN_DOCUMENTATION_COMMENTS = YES;
				CLANG_WARN_EMPTY_BODY = YES;
				CLANG_WARN_ENUM_CONVERSION = YES;
				CLANG_WARN_INFINITE_RECURSION = YES;
				CLANG_WARN_INT_CONVERSION = YES;
				CLANG_WARN_NON_LITERAL_NULL_CONVERSION = YES;
				CLANG_WARN_OBJC_IMPLICIT_RETAIN_SELF = YES;
				CLANG_WARN_OBJC_LITERAL_CONVERSION = YES;
				CLANG_WARN_OBJC_ROOT_CLASS = YES_ERROR;
				CLANG_WARN_QUOTED_INCLUDE_IN_FRAMEWORK_HEADER = YES;
				CLANG_WARN_RANGE_LOOP_ANALYSIS = YES;
				CLANG_WARN_STRICT_PROTOTYPES = YES;
				CLANG_WARN_SUSPICIOUS_MOVE = YES;
				CLANG_WARN_UNGUARDED_AVAILABILITY = YES_AGGRESSIVE;
				CLANG_WARN_UNREACHABLE_CODE = YES;
				CLANG_WARN__DUPLICATE_METHOD_MATCH = YES;
				COPY_PHASE_STRIP = NO;
				DEBUG_INFORMATION_FORMAT = "dwarf-with-dsym";
				ENABLE_NS_ASSERTIONS = NO;
				ENABLE_STRICT_OBJC_MSGSEND = YES;
				GCC_C_LANGUAGE_STANDARD = gnu11;
				GCC_NO_COMMON_BLOCKS = YES;
				GCC_WARN_64_TO_32_BIT_CONVERSION = YES;
				GCC_WARN_ABOUT_RETURN_TYPE = YES_ERROR;
				GCC_WARN_UNDECLARED_SELECTOR = YES;
				GCC_WARN_UNINITIALIZED_AUTOS = YES_AGGRESSIVE;
				GCC_WARN_UNUSED_FUNCTION = YES;
				GCC_WARN_UNUSED_VARIABLE = YES;
				IPHONEOS_DEPLOYMENT_TARGET = 16.1;
				MTL_ENABLE_DEBUG_INFO = NO;
				MTL_FAST_MATH = YES;
				SDKROOT = iphoneos;
				VALIDATE_PRODUCT = YES;
			};
			name = Release;
		};
		8BFDC4AF2BF8E12E00204C52 /* Debug */ = {
			isa = XCBuildConfiguration;
			buildSettings = {
				ASSETCATALOG_COMPILER_APPICON_NAME = AppIcon;
				ASSETCATALOG_COMPILER_GLOBAL_ACCENT_COLOR_NAME = AccentColor;
				CODE_SIGN_STYLE = Automatic;
				CURRENT_PROJECT_VERSION = 1;
				DEVELOPMENT_TEAM = VP3SWAYVG3;
				GENERATE_INFOPLIST_FILE = YES;
				INFOPLIST_FILE = "git-demo/Info.plist";
				INFOPLIST_KEY_UIApplicationSupportsIndirectInputEvents = YES;
				INFOPLIST_KEY_UILaunchStoryboardName = LaunchScreen;
				INFOPLIST_KEY_UIMainStoryboardFile = Main;
				INFOPLIST_KEY_UISupportedInterfaceOrientations_iPad = "UIInterfaceOrientationPortrait UIInterfaceOrientationPortraitUpsideDown UIInterfaceOrientationLandscapeLeft UIInterfaceOrientationLandscapeRight";
				INFOPLIST_KEY_UISupportedInterfaceOrientations_iPhone = "UIInterfaceOrientationPortrait UIInterfaceOrientationLandscapeLeft UIInterfaceOrientationLandscapeRight";
				LD_RUNPATH_SEARCH_PATHS = (
					"$(inherited)",
					"@executable_path/Frameworks",
				);
				MARKETING_VERSION = 1.0;
				PRODUCT_BUNDLE_IDENTIFIER = "com.yidiankeji.h5.git-demo";
				PRODUCT_NAME = "$(TARGET_NAME)";
				SWIFT_EMIT_LOC_STRINGS = YES;
				TARGETED_DEVICE_FAMILY = "1,2";
			};
			name = Debug;
		};
		8BFDC4B02BF8E12E00204C52 /* Release */ = {
			isa = XCBuildConfiguration;
			buildSettings = {
				ASSETCATALOG_COMPILER_APPICON_NAME = AppIcon;
				ASSETCATALOG_COMPILER_GLOBAL_ACCENT_COLOR_NAME = AccentColor;
				CODE_SIGN_STYLE = Automatic;
				CURRENT_PROJECT_VERSION = 1;
				DEVELOPMENT_TEAM = VP3SWAYVG3;
				GENERATE_INFOPLIST_FILE = YES;
				INFOPLIST_FILE = "git-demo/Info.plist";
				INFOPLIST_KEY_UIApplicationSupportsIndirectInputEvents = YES;
				INFOPLIST_KEY_UILaunchStoryboardName = LaunchScreen;
				INFOPLIST_KEY_UIMainStoryboardFile = Main;
				INFOPLIST_KEY_UISupportedInterfaceOrientations_iPad = "UIInterfaceOrientationPortrait UIInterfaceOrientationPortraitUpsideDown UIInterfaceOrientationLandscapeLeft UIInterfaceOrientationLandscapeRight";
				INFOPLIST_KEY_UISupportedInterfaceOrientations_iPhone = "UIInterfaceOrientationPortrait UIInterfaceOrientationLandscapeLeft UIInterfaceOrientationLandscapeRight";
				LD_RUNPATH_SEARCH_PATHS = (
					"$(inherited)",
					"@executable_path/Frameworks",
				);
				MARKETING_VERSION = 1.0;
				PRODUCT_BUNDLE_IDENTIFIER = "com.yidiankeji.h5.git-demo";
				PRODUCT_NAME = "$(TARGET_NAME)";
				SWIFT_EMIT_LOC_STRINGS = YES;
				TARGETED_DEVICE_FAMILY = "1,2";
			};
			name = Release;
		};
		8BFDC4B22BF8E12E00204C52 /* Debug */ = {
			isa = XCBuildConfiguration;
			buildSettings = {
				BUNDLE_LOADER = "$(TEST_HOST)";
				CODE_SIGN_STYLE = Automatic;
				CURRENT_PROJECT_VERSION = 1;
				DEVELOPMENT_TEAM = VP3SWAYVG3;
				GENERATE_INFOPLIST_FILE = YES;
				IPHONEOS_DEPLOYMENT_TARGET = 16.1;
				MARKETING_VERSION = 1.0;
				PRODUCT_BUNDLE_IDENTIFIER = "com.yidiankeji.h5.git-demoTests";
				PRODUCT_NAME = "$(TARGET_NAME)";
				SWIFT_EMIT_LOC_STRINGS = NO;
				TARGETED_DEVICE_FAMILY = "1,2";
				TEST_HOST = "$(BUILT_PRODUCTS_DIR)/git-demo.app/$(BUNDLE_EXECUTABLE_FOLDER_PATH)/git-demo";
			};
			name = Debug;
		};
		8BFDC4B32BF8E12E00204C52 /* Release */ = {
			isa = XCBuildConfiguration;
			buildSettings = {
				BUNDLE_LOADER = "$(TEST_HOST)";
				CODE_SIGN_STYLE = Automatic;
				CURRENT_PROJECT_VERSION = 1;
				DEVELOPMENT_TEAM = VP3SWAYVG3;
				GENERATE_INFOPLIST_FILE = YES;
				IPHONEOS_DEPLOYMENT_TARGET = 16.1;
				MARKETING_VERSION = 1.0;
				PRODUCT_BUNDLE_IDENTIFIER = "com.yidiankeji.h5.git-demoTests";
				PRODUCT_NAME = "$(TARGET_NAME)";
				SWIFT_EMIT_LOC_STRINGS = NO;
				TARGETED_DEVICE_FAMILY = "1,2";
				TEST_HOST = "$(BUILT_PRODUCTS_DIR)/git-demo.app/$(BUNDLE_EXECUTABLE_FOLDER_PATH)/git-demo";
			};
			name = Release;
		};
		8BFDC4B52BF8E12E00204C52 /* Debug */ = {
			isa = XCBuildConfiguration;
			buildSettings = {
				CODE_SIGN_STYLE = Automatic;
				CURRENT_PROJECT_VERSION = 1;
				DEVELOPMENT_TEAM = VP3SWAYVG3;
				GENERATE_INFOPLIST_FILE = YES;
				MARKETING_VERSION = 1.0;
				PRODUCT_BUNDLE_IDENTIFIER = "com.yidiankeji.h5.git-demoUITests";
				PRODUCT_NAME = "$(TARGET_NAME)";
				SWIFT_EMIT_LOC_STRINGS = NO;
				TARGETED_DEVICE_FAMILY = "1,2";
				TEST_TARGET_NAME = "git-demo";
			};
			name = Debug;
		};
		8BFDC4B62BF8E12E00204C52 /* Release */ = {
			isa = XCBuildConfiguration;
			buildSettings = {
				CODE_SIGN_STYLE = Automatic;
				CURRENT_PROJECT_VERSION = 1;
				DEVELOPMENT_TEAM = VP3SWAYVG3;
				GENERATE_INFOPLIST_FILE = YES;
				MARKETING_VERSION = 1.0;
				PRODUCT_BUNDLE_IDENTIFIER = "com.yidiankeji.h5.git-demoUITests";
				PRODUCT_NAME = "$(TARGET_NAME)";
				SWIFT_EMIT_LOC_STRINGS = NO;
				TARGETED_DEVICE_FAMILY = "1,2";
				TEST_TARGET_NAME = "git-demo";
			};
			name = Release;
		};
/* End XCBuildConfiguration section */

/* Begin XCConfigurationList section */
		8BFDC4772BF8E12200204C52 /* Build configuration list for PBXProject "git-demo" */ = {
			isa = XCConfigurationList;
			buildConfigurations = (
				8BFDC4AC2BF8E12E00204C52 /* Debug */,
				8BFDC4AD2BF8E12E00204C52 /* Release */,
			);
			defaultConfigurationIsVisible = 0;
			defaultConfigurationName = Release;
		};
		8BFDC4AE2BF8E12E00204C52 /* Build configuration list for PBXNativeTarget "git-demo" */ = {
			isa = XCConfigurationList;
			buildConfigurations = (
				8BFDC4AF2BF8E12E00204C52 /* Debug */,
				8BFDC4B02BF8E12E00204C52 /* Release */,
			);
			defaultConfigurationIsVisible = 0;
			defaultConfigurationName = Release;
		};
		8BFDC4B12BF8E12E00204C52 /* Build configuration list for PBXNativeTarget "git-demoTests" */ = {
			isa = XCConfigurationList;
			buildConfigurations = (
				8BFDC4B22BF8E12E00204C52 /* Debug */,
				8BFDC4B32BF8E12E00204C52 /* Release */,
			);
			defaultConfigurationIsVisible = 0;
			defaultConfigurationName = Release;
		};
		8BFDC4B42BF8E12E00204C52 /* Build configuration list for PBXNativeTarget "git-demoUITests" */ = {
			isa = XCConfigurationList;
			buildConfigurations = (
				8BFDC4B52BF8E12E00204C52 /* Debug */,
				8BFDC4B62BF8E12E00204C52 /* Release */,
			);
			defaultConfigurationIsVisible = 0;
			defaultConfigurationName = Release;
		};
/* End XCConfigurationList section */

/* Begin XCVersionGroup section */
		8BFDC48B2BF8E12300204C52 /* git_demo.xcdatamodeld */ = {
			isa = XCVersionGroup;
			children = (
				8BFDC48C2BF8E12300204C52 /* git_demo.xcdatamodel */,
			);
			currentVersion = 8BFDC48C2BF8E12300204C52 /* git_demo.xcdatamodel */;
			path = git_demo.xcdatamodeld;
			sourceTree = "<group>";
			versionGroupType = wrapper.xcdatamodel;
		};
/* End XCVersionGroup section */
	};
	rootObject = 8BFDC4742BF8E12200204C52 /* Project object */;
}
